// !$*UTF8*$!
{
	archiveVersion = 1;
	classes = {
	};
	objectVersion = 50;
	objects = {

/* Begin PBXBuildFile section */
		5D50BE6A22190135005EAD40 /* question.json in Resources */ = {isa = PBXBuildFile; fileRef = 5D50BE6922190135005EAD40 /* question.json */; };
		5D50BE6C2219016D005EAD40 /* QuestionModel.swift in Sources */ = {isa = PBXBuildFile; fileRef = 5D50BE6B2219016D005EAD40 /* QuestionModel.swift */; };
		5D50BE6E22190193005EAD40 /* QuestionViewController.swift in Sources */ = {isa = PBXBuildFile; fileRef = 5D50BE6D22190193005EAD40 /* QuestionViewController.swift */; };
		5D50BE70221901DC005EAD40 /* ReviewTestViewController.swift in Sources */ = {isa = PBXBuildFile; fileRef = 5D50BE6F221901DC005EAD40 /* ReviewTestViewController.swift */; };
		5DE30E2A2213F0F9000AF932 /* AppDelegate.swift in Sources */ = {isa = PBXBuildFile; fileRef = 5DE30E292213F0F9000AF932 /* AppDelegate.swift */; };
		5DE30E2F2213F0F9000AF932 /* Main.storyboard in Resources */ = {isa = PBXBuildFile; fileRef = 5DE30E2D2213F0F9000AF932 /* Main.storyboard */; };
		5DE30E312213F0FB000AF932 /* Assets.xcassets in Resources */ = {isa = PBXBuildFile; fileRef = 5DE30E302213F0FB000AF932 /* Assets.xcassets */; };
		5DE30E342213F0FB000AF932 /* LaunchScreen.storyboard in Resources */ = {isa = PBXBuildFile; fileRef = 5DE30E322213F0FB000AF932 /* LaunchScreen.storyboard */; };
		EEA4F835022F4145629D0DC8 /* libPods-QuestionAnswer.a in Frameworks */ = {isa = PBXBuildFile; fileRef = 1D476E2525E3401ABA2DB34D /* libPods-QuestionAnswer.a */; };
/* End PBXBuildFile section */

/* Begin PBXFileReference section */
		1D476E2525E3401ABA2DB34D /* libPods-QuestionAnswer.a */ = {isa = PBXFileReference; explicitFileType = archive.ar; includeInIndex = 0; path = "libPods-QuestionAnswer.a"; sourceTree = BUILT_PRODUCTS_DIR; };
		5D50BE6922190135005EAD40 /* question.json */ = {isa = PBXFileReference; lastKnownFileType = text.json; path = question.json; sourceTree = "<group>"; };
		5D50BE6B2219016D005EAD40 /* QuestionModel.swift */ = {isa = PBXFileReference; lastKnownFileType = sourcecode.swift; path = QuestionModel.swift; sourceTree = "<group>"; };
		5D50BE6D22190193005EAD40 /* QuestionViewController.swift */ = {isa = PBXFileReference; lastKnownFileType = sourcecode.swift; path = QuestionViewController.swift; sourceTree = "<group>"; };
		5D50BE6F221901DC005EAD40 /* ReviewTestViewController.swift */ = {isa = PBXFileReference; lastKnownFileType = sourcecode.swift; path = ReviewTestViewController.swift; sourceTree = "<group>"; };
		5DE30E262213F0F9000AF932 /* Rlanguage Q&A.app */ = {isa = PBXFileReference; explicitFileType = wrapper.application; includeInIndex = 0; path = "Rlanguage Q&A.app"; sourceTree = BUILT_PRODUCTS_DIR; };
		5DE30E292213F0F9000AF932 /* AppDelegate.swift */ = {isa = PBXFileReference; lastKnownFileType = sourcecode.swift; path = AppDelegate.swift; sourceTree = "<group>"; };
		5DE30E2E2213F0F9000AF932 /* Base */ = {isa = PBXFileReference; lastKnownFileType = file.storyboard; name = Base; path = Base.lproj/Main.storyboard; sourceTree = "<group>"; };
		5DE30E302213F0FB000AF932 /* Assets.xcassets */ = {isa = PBXFileReference; lastKnownFileType = folder.assetcatalog; path = Assets.xcassets; sourceTree = "<group>"; };
		5DE30E332213F0FB000AF932 /* Base */ = {isa = PBXFileReference; lastKnownFileType = file.storyboard; name = Base; path = Base.lproj/LaunchScreen.storyboard; sourceTree = "<group>"; };
		5DE30E352213F0FB000AF932 /* Info.plist */ = {isa = PBXFileReference; lastKnownFileType = text.plist.xml; path = Info.plist; sourceTree = "<group>"; };
		84C960E9628D3CB5B3A79523 /* Pods-QuestionAnswer.debug.xcconfig */ = {isa = PBXFileReference; includeInIndex = 1; lastKnownFileType = text.xcconfig; name = "Pods-QuestionAnswer.debug.xcconfig"; path = "Target Support Files/Pods-QuestionAnswer/Pods-QuestionAnswer.debug.xcconfig"; sourceTree = "<group>"; };
		DD9CB11178666CEECD5C42A2 /* Pods-QuestionAnswer.release.xcconfig */ = {isa = PBXFileReference; includeInIndex = 1; lastKnownFileType = text.xcconfig; name = "Pods-QuestionAnswer.release.xcconfig"; path = "Target Support Files/Pods-QuestionAnswer/Pods-QuestionAnswer.release.xcconfig"; sourceTree = "<group>"; };
/* End PBXFileReference section */

/* Begin PBXFrameworksBuildPhase section */
		5DE30E232213F0F9000AF932 /* Frameworks */ = {
			isa = PBXFrameworksBuildPhase;
			buildActionMask = 2147483647;
			files = (
				EEA4F835022F4145629D0DC8 /* libPods-QuestionAnswer.a in Frameworks */,
			);
			runOnlyForDeploymentPostprocessing = 0;
		};
/* End PBXFrameworksBuildPhase section */

/* Begin PBXGroup section */
		5DE30E1D2213F0F9000AF932 = {
			isa = PBXGroup;
			children = (
				5DE30E282213F0F9000AF932 /* QuestionAnswer */,
				5DE30E272213F0F9000AF932 /* Products */,
				5DE30E4322168220000AF932 /* Frameworks */,
				CE8F965875C03094A4A5BA57 /* Pods */,
			);
			sourceTree = "<group>";
		};
		5DE30E272213F0F9000AF932 /* Products */ = {
			isa = PBXGroup;
			children = (
				5DE30E262213F0F9000AF932 /* Rlanguage Q&A.app */,
			);
			name = Products;
			sourceTree = "<group>";
		};
		5DE30E282213F0F9000AF932 /* QuestionAnswer */ = {
			isa = PBXGroup;
			children = (
				5DE30E292213F0F9000AF932 /* AppDelegate.swift */,
				5DE30E2D2213F0F9000AF932 /* Main.storyboard */,
				5DE30E302213F0FB000AF932 /* Assets.xcassets */,
				5DE30E322213F0FB000AF932 /* LaunchScreen.storyboard */,
				5DE30E352213F0FB000AF932 /* Info.plist */,
				5D50BE6922190135005EAD40 /* question.json */,
				5D50BE6B2219016D005EAD40 /* QuestionModel.swift */,
				5D50BE6D22190193005EAD40 /* QuestionViewController.swift */,
				5D50BE6F221901DC005EAD40 /* ReviewTestViewController.swift */,
			);
			path = QuestionAnswer;
			sourceTree = "<group>";
		};
		5DE30E4322168220000AF932 /* Frameworks */ = {
			isa = PBXGroup;
			children = (
				1D476E2525E3401ABA2DB34D /* libPods-QuestionAnswer.a */,
			);
			name = Frameworks;
			sourceTree = "<group>";
		};
		CE8F965875C03094A4A5BA57 /* Pods */ = {
			isa = PBXGroup;
			children = (
				84C960E9628D3CB5B3A79523 /* Pods-QuestionAnswer.debug.xcconfig */,
				DD9CB11178666CEECD5C42A2 /* Pods-QuestionAnswer.release.xcconfig */,
			);
			path = Pods;
			sourceTree = "<group>";
		};
/* End PBXGroup section */

/* Begin PBXNativeTarget section */
		5DE30E252213F0F9000AF932 /* QuestionAnswer */ = {
			isa = PBXNativeTarget;
			buildConfigurationList = 5DE30E382213F0FB000AF932 /* Build configuration list for PBXNativeTarget "QuestionAnswer" */;
			buildPhases = (
				D4C5928C99E173E2317BC122 /* [CP] Check Pods Manifest.lock */,
				5DE30E222213F0F9000AF932 /* Sources */,
				5DE30E232213F0F9000AF932 /* Frameworks */,
				5DE30E242213F0F9000AF932 /* Resources */,
				6315D575542E2ED440C75A8D /* [CP] Copy Pods Resources */,
			);
			buildRules = (
			);
			dependencies = (
			);
			name = QuestionAnswer;
			productName = QuestionAnswer;
			productReference = 5DE30E262213F0F9000AF932 /* Rlanguage Q&A.app */;
			productType = "com.apple.product-type.application";
		};
/* End PBXNativeTarget section */

/* Begin PBXProject section */
		5DE30E1E2213F0F9000AF932 /* Project object */ = {
			isa = PBXProject;
			attributes = {
				LastSwiftUpdateCheck = 1010;
				LastUpgradeCheck = 1010;
				ORGANIZATIONNAME = "Goto, Satoshi a | RASIA";
				TargetAttributes = {
					5DE30E252213F0F9000AF932 = {
						CreatedOnToolsVersion = 10.1;
					};
				};
			};
			buildConfigurationList = 5DE30E212213F0F9000AF932 /* Build configuration list for PBXProject "QuestionAnswer" */;
			compatibilityVersion = "Xcode 9.3";
			developmentRegion = en;
			hasScannedForEncodings = 0;
			knownRegions = (
				en,
				Base,
			);
			mainGroup = 5DE30E1D2213F0F9000AF932;
			productRefGroup = 5DE30E272213F0F9000AF932 /* Products */;
			projectDirPath = "";
			projectRoot = "";
			targets = (
				5DE30E252213F0F9000AF932 /* QuestionAnswer */,
			);
		};
/* End PBXProject section */

/* Begin PBXResourcesBuildPhase section */
		5DE30E242213F0F9000AF932 /* Resources */ = {
			isa = PBXResourcesBuildPhase;
			buildActionMask = 2147483647;
			files = (
				5DE30E342213F0FB000AF932 /* LaunchScreen.storyboard in Resources */,
				5D50BE6A22190135005EAD40 /* question.json in Resources */,
				5DE30E312213F0FB000AF932 /* Assets.xcassets in Resources */,
				5DE30E2F2213F0F9000AF932 /* Main.storyboard in Resources */,
			);
			runOnlyForDeploymentPostprocessing = 0;
		};
/* End PBXResourcesBuildPhase section */

/* Begin PBXShellScriptBuildPhase section */
		6315D575542E2ED440C75A8D /* [CP] Copy Pods Resources */ = {
			isa = PBXShellScriptBuildPhase;
			buildActionMask = 2147483647;
			files = (
			);
			inputFileListPaths = (
				"${PODS_ROOT}/Target Support Files/Pods-QuestionAnswer/Pods-QuestionAnswer-resources-${CONFIGURATION}-input-files.xcfilelist",
			);
			name = "[CP] Copy Pods Resources";
			outputFileListPaths = (
				"${PODS_ROOT}/Target Support Files/Pods-QuestionAnswer/Pods-QuestionAnswer-resources-${CONFIGURATION}-output-files.xcfilelist",
			);
			runOnlyForDeploymentPostprocessing = 0;
			shellPath = /bin/sh;
			shellScript = "\"${PODS_ROOT}/Target Support Files/Pods-QuestionAnswer/Pods-QuestionAnswer-resources.sh\"\n";
			showEnvVarsInLog = 0;
		};
		D4C5928C99E173E2317BC122 /* [CP] Check Pods Manifest.lock */ = {
			isa = PBXShellScriptBuildPhase;
			buildActionMask = 2147483647;
			files = (
			);
			inputFileListPaths = (
			);
			inputPaths = (
				"${PODS_PODFILE_DIR_PATH}/Podfile.lock",
				"${PODS_ROOT}/Manifest.lock",
			);
			name = "[CP] Check Pods Manifest.lock";
			outputFileListPaths = (
			);
			outputPaths = (
				"$(DERIVED_FILE_DIR)/Pods-QuestionAnswer-checkManifestLockResult.txt",
			);
			runOnlyForDeploymentPostprocessing = 0;
			shellPath = /bin/sh;
			shellScript = "diff \"${PODS_PODFILE_DIR_PATH}/Podfile.lock\" \"${PODS_ROOT}/Manifest.lock\" > /dev/null\nif [ $? != 0 ] ; then\n    # print error to STDERR\n    echo \"error: The sandbox is not in sync with the Podfile.lock. Run 'pod install' or update your CocoaPods installation.\" >&2\n    exit 1\nfi\n# This output is used by Xcode 'outputs' to avoid re-running this script phase.\necho \"SUCCESS\" > \"${SCRIPT_OUTPUT_FILE_0}\"\n";
			showEnvVarsInLog = 0;
		};
/* End PBXShellScriptBuildPhase section */

/* Begin PBXSourcesBuildPhase section */
		5DE30E222213F0F9000AF932 /* Sources */ = {
			isa = PBXSourcesBuildPhase;
			buildActionMask = 2147483647;
			files = (
				5DE30E2A2213F0F9000AF932 /* AppDelegate.swift in Sources */,
				5D50BE6E22190193005EAD40 /* QuestionViewController.swift in Sources */,
				5D50BE70221901DC005EAD40 /* ReviewTestViewController.swift in Sources */,
				5D50BE6C2219016D005EAD40 /* QuestionModel.swift in Sources */,
			);
			runOnlyForDeploymentPostprocessing = 0;
		};
/* End PBXSourcesBuildPhase section */

/* Begin PBXVariantGroup section */
		5DE30E2D2213F0F9000AF932 /* Main.storyboard */ = {
			isa = PBXVariantGroup;
			children = (
				5DE30E2E2213F0F9000AF932 /* Base */,
			);
			name = Main.storyboard;
			sourceTree = "<group>";
		};
		5DE30E322213F0FB000AF932 /* LaunchScreen.storyboard */ = {
			isa = PBXVariantGroup;
			children = (
				5DE30E332213F0FB000AF932 /* Base */,
			);
			name = LaunchScreen.storyboard;
			sourceTree = "<group>";
		};
/* End PBXVariantGroup section */

/* Begin XCBuildConfiguration section */
		5DE30E362213F0FB000AF932 /* Debug */ = {
			isa = XCBuildConfiguration;
			buildSettings = {
				ALWAYS_SEARCH_USER_PATHS = NO;
				CLANG_ANALYZER_NONNULL = YES;
				CLANG_ANALYZER_NUMBER_OBJECT_CONVERSION = YES_AGGRESSIVE;
				CLANG_CXX_LANGUAGE_STANDARD = "gnu++14";
				CLANG_CXX_LIBRARY = "libc++";
				CLANG_ENABLE_MODULES = YES;
				CLANG_ENABLE_OBJC_ARC = YES;
				CLANG_ENABLE_OBJC_WEAK = YES;
				CLANG_WARN_BLOCK_CAPTURE_AUTORELEASING = YES;
				CLANG_WARN_BOOL_CONVERSION = YES;
				CLANG_WARN_COMMA = YES;
				CLANG_WARN_CONSTANT_CONVERSION = YES;
				CLANG_WARN_DEPRECATED_OBJC_IMPLEMENTATIONS = YES;
				CLANG_WARN_DIRECT_OBJC_ISA_USAGE = YES_ERROR;
				CLANG_WARN_DOCUMENTATION_COMMENTS = YES;
				CLANG_WARN_EMPTY_BODY = YES;
				CLANG_WARN_ENUM_CONVERSION = YES;
				CLANG_WARN_INFINITE_RECURSION = YES;
				CLANG_WARN_INT_CONVERSION = YES;
				CLANG_WARN_NON_LITERAL_NULL_CONVERSION = YES;
				CLANG_WARN_OBJC_IMPLICIT_RETAIN_SELF = YES;
				CLANG_WARN_OBJC_LITERAL_CONVERSION = YES;
				CLANG_WARN_OBJC_ROOT_CLASS = YES_ERROR;
				CLANG_WARN_RANGE_LOOP_ANALYSIS = YES;
				CLANG_WARN_STRICT_PROTOTYPES = YES;
				CLANG_WARN_SUSPICIOUS_MOVE = YES;
				CLANG_WARN_UNGUARDED_AVAILABILITY = YES_AGGRESSIVE;
				CLANG_WARN_UNREACHABLE_CODE = YES;
				CLANG_WARN__DUPLICATE_METHOD_MATCH = YES;
				CODE_SIGN_IDENTITY = "iPhone Developer";
				COPY_PHASE_STRIP = NO;
				DEBUG_INFORMATION_FORMAT = dwarf;
				ENABLE_BITCODE = NO;
				ENABLE_STRICT_OBJC_MSGSEND = YES;
				ENABLE_TESTABILITY = YES;
				GCC_C_LANGUAGE_STANDARD = gnu11;
				GCC_DYNAMIC_NO_PIC = NO;
				GCC_NO_COMMON_BLOCKS = YES;
				GCC_OPTIMIZATION_LEVEL = 0;
				GCC_PREPROCESSOR_DEFINITIONS = (
					"DEBUG=1",
					"$(inherited)",
				);
				GCC_WARN_64_TO_32_BIT_CONVERSION = YES;
				GCC_WARN_ABOUT_RETURN_TYPE = YES_ERROR;
				GCC_WARN_UNDECLARED_SELECTOR = YES;
				GCC_WARN_UNINITIALIZED_AUTOS = YES_AGGRESSIVE;
				GCC_WARN_UNUSED_FUNCTION = YES;
				GCC_WARN_UNUSED_VARIABLE = YES;
				IPHONEOS_DEPLOYMENT_TARGET = 13.0;
				MTL_ENABLE_DEBUG_INFO = INCLUDE_SOURCE;
				MTL_FAST_MATH = YES;
				ONLY_ACTIVE_ARCH = YES;
				SDKROOT = iphoneos;
				SWIFT_ACTIVE_COMPILATION_CONDITIONS = DEBUG;
				SWIFT_OPTIMIZATION_LEVEL = "-Onone";
			};
			name = Debug;
		};
		5DE30E372213F0FB000AF932 /* Release */ = {
			isa = XCBuildConfiguration;
			buildSettings = {
				ALWAYS_SEARCH_USER_PATHS = NO;
				CLANG_ANALYZER_NONNULL = YES;
				CLANG_ANALYZER_NUMBER_OBJECT_CONVERSION = YES_AGGRESSIVE;
				CLANG_CXX_LANGUAGE_STANDARD = "gnu++14";
				CLANG_CXX_LIBRARY = "libc++";
				CLANG_ENABLE_MODULES = YES;
				CLANG_ENABLE_OBJC_ARC = YES;
				CLANG_ENABLE_OBJC_WEAK = YES;
				CLANG_WARN_BLOCK_CAPTURE_AUTORELEASING = YES;
				CLANG_WARN_BOOL_CONVERSION = YES;
				CLANG_WARN_COMMA = YES;
				CLANG_WARN_CONSTANT_CONVERSION = YES;
				CLANG_WARN_DEPRECATED_OBJC_IMPLEMENTATIONS = YES;
				CLANG_WARN_DIRECT_OBJC_ISA_USAGE = YES_ERROR;
				CLANG_WARN_DOCUMENTATION_COMMENTS = YES;
				CLANG_WARN_EMPTY_BODY = YES;
				CLANG_WARN_ENUM_CONVERSION = YES;
				CLANG_WARN_INFINITE_RECURSION = YES;
				CLANG_WARN_INT_CONVERSION = YES;
				CLANG_WARN_NON_LITERAL_NULL_CONVERSION = YES;
				CLANG_WARN_OBJC_IMPLICIT_RETAIN_SELF = YES;
				CLANG_WARN_OBJC_LITERAL_CONVERSION = YES;
				CLANG_WARN_OBJC_ROOT_CLASS = YES_ERROR;
				CLANG_WARN_RANGE_LOOP_ANALYSIS = YES;
				CLANG_WARN_STRICT_PROTOTYPES = YES;
				CLANG_WARN_SUSPICIOUS_MOVE = YES;
				CLANG_WARN_UNGUARDED_AVAILABILITY = YES_AGGRESSIVE;
				CLANG_WARN_UNREACHABLE_CODE = YES;
				CLANG_WARN__DUPLICATE_METHOD_MATCH = YES;
				CODE_SIGN_IDENTITY = "iPhone Developer";
				COPY_PHASE_STRIP = NO;
				DEBUG_INFORMATION_FORMAT = "dwarf-with-dsym";
				ENABLE_BITCODE = NO;
				ENABLE_NS_ASSERTIONS = NO;
				ENABLE_STRICT_OBJC_MSGSEND = YES;
				GCC_C_LANGUAGE_STANDARD = gnu11;
				GCC_NO_COMMON_BLOCKS = YES;
				GCC_WARN_64_TO_32_BIT_CONVERSION = YES;
				GCC_WARN_ABOUT_RETURN_TYPE = YES_ERROR;
				GCC_WARN_UNDECLARED_SELECTOR = YES;
				GCC_WARN_UNINITIALIZED_AUTOS = YES_AGGRESSIVE;
				GCC_WARN_UNUSED_FUNCTION = YES;
				GCC_WARN_UNUSED_VARIABLE = YES;
				IPHONEOS_DEPLOYMENT_TARGET = 13.0;
				MTL_ENABLE_DEBUG_INFO = NO;
				MTL_FAST_MATH = YES;
				SDKROOT = iphoneos;
				SWIFT_COMPILATION_MODE = wholemodule;
				SWIFT_OPTIMIZATION_LEVEL = "-O";
				VALIDATE_PRODUCT = YES;
			};
			name = Release;
		};
		5DE30E392213F0FB000AF932 /* Debug */ = {
			isa = XCBuildConfiguration;
			baseConfigurationReference = 84C960E9628D3CB5B3A79523 /* Pods-QuestionAnswer.debug.xcconfig */;
			buildSettings = {
				ASSETCATALOG_COMPILER_APPICON_NAME = AppIcon;
				CODE_SIGN_STYLE = Automatic;
				CURRENT_PROJECT_VERSION = 2;
				DEVELOPMENT_TEAM = XQZ4S6PXLM;
				INFOPLIST_FILE = QuestionAnswer/Info.plist;
				LD_RUNPATH_SEARCH_PATHS = (
					"$(inherited)",
					"@executable_path/Frameworks",
				);
				MARKETING_VERSION = 1.2;
				PRODUCT_BUNDLE_IDENTIFIER = com.engineernest.rlanguageqanda;
				PRODUCT_NAME = "Rlanguage Q&A";
				SWIFT_VERSION = 5.0;
				TARGETED_DEVICE_FAMILY = "1,2";
			};
			name = Debug;
		};
		5DE30E3A2213F0FB000AF932 /* Release */ = {
			isa = XCBuildConfiguration;
			baseConfigurationReference = DD9CB11178666CEECD5C42A2 /* Pods-QuestionAnswer.release.xcconfig */;
			buildSettings = {
				ASSETCATALOG_COMPILER_APPICON_NAME = AppIcon;
				CODE_SIGN_STYLE = Automatic;
				CURRENT_PROJECT_VERSION = 2;
				DEVELOPMENT_TEAM = XQZ4S6PXLM;
				INFOPLIST_FILE = QuestionAnswer/Info.plist;
				LD_RUNPATH_SEARCH_PATHS = (
					"$(inherited)",
					"@executable_path/Frameworks",
				);
				MARKETING_VERSION = 1.2;
				PRODUCT_BUNDLE_IDENTIFIER = com.engineernest.rlanguageqanda;
				PRODUCT_NAME = "Rlanguage Q&A";
				SWIFT_VERSION = 5.0;
				TARGETED_DEVICE_FAMILY = "1,2";
			};
			name = Release;
		};
/* End XCBuildConfiguration section */

/* Begin XCConfigurationList section */
		5DE30E212213F0F9000AF932 /* Build configuration list for PBXProject "QuestionAnswer" */ = {
			isa = XCConfigurationList;
			buildConfigurations = (
				5DE30E362213F0FB000AF932 /* Debug */,
				5DE30E372213F0FB000AF932 /* Release */,
			);
			defaultConfigurationIsVisible = 0;
			defaultConfigurationName = Release;
		};
		5DE30E382213F0FB000AF932 /* Build configuration list for PBXNativeTarget "QuestionAnswer" */ = {
			isa = XCConfigurationList;
			buildConfigurations = (
				5DE30E392213F0FB000AF932 /* Debug */,
				5DE30E3A2213F0FB000AF932 /* Release */,
			);
			defaultConfigurationIsVisible = 0;
			defaultConfigurationName = Release;
		};
/* End XCConfigurationList section */
	};
	rootObject = 5DE30E1E2213F0F9000AF932 /* Project object */;
}
